{
  "name": "nexus-marketing-ai",
  "version": "0.0.0",
  "lockfileVersion": 3,
  "requires": true,
  "packages": {
    "": {
      "name": "nexus-marketing-ai",
      "version": "0.0.0",
      "license": "UNLICENSED",
      "dependencies": {
        "@google/genai": "^0.1.1",
        "lucide-react": "^0.344.0",
        "react": "^18.2.0",
        "react-dom": "^18.2.0",
        "recharts": "^2.12.2"
      },
      "devDependencies": {
        "@types/react": "^18.2.64",
        "@types/react-dom": "^18.2.21",
        "@vitejs/plugin-react": "^4.2.1",
        "autoprefixer": "^10.4.18",
        "postcss": "^8.4.35",
        "tailwindcss": "^3.4.1",
        "typescript": "^5.2.2",
        "vite": "^5.1.6"
      }
    },
    "node_modules/@google/genai": {
      "version": "0.1.1",
      "resolved": "https://registry.npmjs.org/@google/genai/-/genai-0.1.1.tgz",
      "integrity": "sha512-PLACEHOLDER"
    },
    "node_modules/lucide-react": {
      "version": "0.344.0",
      "resolved": "https://registry.npmjs.org/lucide-react/-/lucide-react-0.344.0.tgz",
      "integrity": "sha512-PLACEHOLDER"
    },
    "node_modules/react": {
      "version": "18.2.0",
      "resolved": "https://registry.npmjs.org/react/-/react-18.2.0.tgz",
      "integrity": "sha512-PLACEHOLDER"
    },
    "node_modules/react-dom": {
      "version": "18.2.0",
      "resolved": "https://registry.npmjs.org/react-dom/-/react-dom-18.2.0.tgz",
      "integrity": "sha512-PLACEHOLDER",
      "dependencies": {
        "react": "^18.2.0"
      }
    },
    "node_modules/recharts": {
      "version": "2.12.2",
      "resolved": "https://registry.npmjs.org/recharts/-/recharts-2.12.2.tgz",
      "integrity": "sha512-PLACEHOLDER",
      "dependencies": {
        "react": ">=16.8.0"
      }
    },
    "node_modules/@types/react": {
      "version": "18.2.64",
      "resolved": "https://registry.npmjs.org/@types/react/-/react-18.2.64.tgz",
      "integrity": "sha512-PLACEHOLDER",
      "dev": true
    },
    "node_modules/@types/react-dom": {
      "version": "18.2.21",
      "resolved": "https://registry.npmjs.org/@types/react-dom/-/react-dom-18.2.21.tgz",
      "integrity": "sha512-PLACEHOLDER",
      "dev": true
    },
    "node_modules/@vitejs/plugin-react": {
      "version": "4.2.1",
      "resolved": "https://registry.npmjs.org/@vitejs/plugin-react/-/plugin-react-4.2.1.tgz",
      "integrity": "sha512-PLACEHOLDER",
      "dev": true
    },
    "node_modules/autoprefixer": {
      "version": "10.4.18",
      "resolved": "https://registry.npmjs.org/autoprefixer/-/autoprefixer-10.4.18.tgz",
      "integrity": "sha512-PLACEHOLDER",
      "dev": true
    },
    "node_modules/postcss": {
      "version": "8.4.35",
      "resolved": "https://registry.npmjs.org/postcss/-/postcss-8.4.35.tgz",
      "integrity": "sha512-PLACEHOLDER",
      "dev": true
    },
    "node_modules/tailwindcss": {
      "version": "3.4.1",
      "resolved": "https://registry.npmjs.org/tailwindcss/-/tailwindcss-3.4.1.tgz",
      "integrity": "sha512-PLACEHOLDER",
      "dev": true
    },
    "node_modules/typescript": {
      "version": "5.2.2",
      "resolved": "https://registry.npmjs.org/typescript/-/typescript-5.2.2.tgz",
      "integrity": "sha512-PLACEHOLDER",
      "dev": true
    },
    "node_modules/vite": {
      "version": "5.1.6",
      "resolved": "https://registry.npmjs.org/vite/-/vite-5.1.6.tgz",
      "integrity": "sha512-PLACEHOLDER",
      "dev": true
    }
  },
  "dependencies": {
    "@google/genai": {
      "version": "0.1.1",
      "resolved": "https://registry.npmjs.org/@google/genai/-/genai-0.1.1.tgz",
      "integrity": "sha512-PLACEHOLDER"
    },
    "lucide-react": {
      "version": "0.344.0",
      "resolved": "https://registry.npmjs.org/lucide-react/-/lucide-react-0.344.0.tgz",
      "integrity": "sha512-PLACEHOLDER"
    },
    "react": {
      "version": "18.2.0",
      "resolved": "https://registry.npmjs.org/react/-/react-18.2.0.tgz",
      "integrity": "sha512-PLACEHOLDER"
    },
    "react-dom": {
      "version": "18.2.0",
      "resolved": "https://registry.npmjs.org/react-dom/-/react-dom-18.2.0.tgz",
      "integrity": "sha512-PLACEHOLDER"
    },
    "recharts": {
      "version": "2.12.2",
      "resolved": "https://registry.npmjs.org/recharts/-/recharts-2.12.2.tgz",
      "integrity": "sha512-PLACEHOLDER"
    },
    "@types/react": {
      "version": "18.2.64",
      "dev": true,
      "resolved": "https://registry.npmjs.org/@types/react/-/react-18.2.64.tgz",
      "integrity": "sha512-PLACEHOLDER"
    },
    "@types/react-dom": {
      "version": "18.2.21",
      "dev": true,
      "resolved": "https://registry.npmjs.org/@types/react-dom/-/react-dom-18.2.21.tgz",
      "integrity": "sha512-PLACEHOLDER"
    },
    "@vitejs/plugin-react": {
      "version": "4.2.1",
      "dev": true,
      "resolved": "https://registry.npmjs.org/@vitejs/plugin-react/-/plugin-react-4.2.1.tgz",
      "integrity": "sha512-PLACEHOLDER"
    },
    "autoprefixer": {
      "version": "10.4.18",
      "dev": true,
      "resolved": "https://registry.npmjs.org/autoprefixer/-/autoprefixer-10.4.18.tgz",
      "integrity": "sha512-PLACEHOLDER"
    },
    "postcss": {
      "version": "8.4.35",
      "dev": true,
      "resolved": "https://registry.npmjs.org/postcss/-/postcss-8.4.35.tgz",
      "integrity": "sha512-PLACEHOLDER"
    },
    "tailwindcss": {
      "version": "3.4.1",
      "dev": true,
      "resolved": "https://registry.npmjs.org/tailwindcss/-/tailwindcss-3.4.1.tgz",
      "integrity": "sha512-PLACEHOLDER"
    },
    "typescript": {
      "version": "5.2.2",
      "dev": true,
      "resolved": "https://registry.npmjs.org/typescript/-/typescript-5.2.2.tgz",
      "integrity": "sha512-PLACEHOLDER"
    },
    "vite": {
      "version": "5.1.6",
      "dev": true,
      "resolved": "https://registry.npmjs.org/vite/-/vite-5.1.6.tgz",
      "integrity": "sha512-PLACEHOLDER"
    }
  }
}